
Microsoft Visual Studio Solution File, Format Version 12.00
# Visual Studio Version 17
VisualStudioVersion = 17.4.33403.182
MinimumVisualStudioVersion = 10.0.40219.1
Project("{FAE04EC0-301F-11D3-BF4B-00C04F79EFBC}") = "Threading-in-C-UWP", "Threading-in-C-UWP.csproj", "{310BD7D4-7D1A-4F06-AFFD-0919C13B182E}"
EndProject
Global
	GlobalSection(SolutionConfigurationPlatforms) = preSolution
		Debug|ARM = Debug|ARM
		Debug|ARM64 = Debug|ARM64
		Debug|x64 = Debug|x64
		Debug|x86 = Debug|x86
		Release|ARM = Release|ARM
		Release|ARM64 = Release|ARM64
		Release|x64 = Release|x64
		Release|x86 = Release|x86
	EndGlobalSection
	GlobalSection(ProjectConfigurationPlatforms) = postSolution
		{310BD7D4-7D1A-4F06-AFFD-0919C13B182E}.Debug|ARM.ActiveCfg = Debug|ARM
		{310BD7D4-7D1A-4F06-AFFD-0919C13B182E}.Debug|ARM.Build.0 = Debug|ARM
		{310BD7D4-7D1A-4F06-AFFD-0919C13B182E}.Debug|ARM.Deploy.0 = Debug|ARM
		{310BD7D4-7D1A-4F06-AFFD-0919C13B182E}.Debug|ARM64.ActiveCfg = Debug|ARM64
		{310BD7D4-7D1A-4F06-AFFD-0919C13B182E}.Debug|ARM64.Build.0 = Debug|ARM64
		{310BD7D4-7D1A-4F06-AFFD-0919C13B182E}.Debug|ARM64.Deploy.0 = Debug|ARM64
		{310BD7D4-7D1A-4F06-AFFD-0919C13B182E}.Debug|x64.ActiveCfg = Debug|x64
		{310BD7D4-7D1A-4F06-AFFD-0919C13B182E}.Debug|x64.Build.0 = Debug|x64
		{310BD7D4-7D1A-4F06-AFFD-0919C13B182E}.Debug|x64.Deploy.0 = Debug|x64
		{310BD7D4-7D1A-4F06-AFFD-0919C13B182E}.Debug|x86.ActiveCfg = Debug|x86
		{310BD7D4-7D1A-4F06-AFFD-0919C13B182E}.Debug|x86.Build.0 = Debug|x86
		{310BD7D4-7D1A-4F06-AFFD-0919C13B182E}.Debug|x86.Deploy.0 = Debug|x86
		{310BD7D4-7D1A-4F06-AFFD-0919C13B182E}.Release|ARM.ActiveCfg = Release|ARM
		{310BD7D4-7D1A-4F06-AFFD-0919C13B182E}.Release|ARM.Build.0 = Release|ARM
		{310BD7D4-7D1A-4F06-AFFD-0919C13B182E}.Release|ARM.Deploy.0 = Release|ARM
		{310BD7D4-7D1A-4F06-AFFD-0919C13B182E}.Release|ARM64.ActiveCfg = Release|ARM64
		{310BD7D4-7D1A-4F06-AFFD-0919C13B182E}.Release|ARM64.Build.0 = Release|ARM64
		{310BD7D4-7D1A-4F06-AFFD-0919C13B182E}.Release|ARM64.Deploy.0 = Release|ARM64
		{310BD7D4-7D1A-4F06-AFFD-0919C13B182E}.Release|x64.ActiveCfg = Release|x64
		{310BD7D4-7D1A-4F06-AFFD-0919C13B182E}.Release|x64.Build.0 = Release|x64
		{310BD7D4-7D1A-4F06-AFFD-0919C13B182E}.Release|x64.Deploy.0 = Release|x64
		{310BD7D4-7D1A-4F06-AFFD-0919C13B182E}.Release|x86.ActiveCfg = Release|x86
		{310BD7D4-7D1A-4F06-AFFD-0919C13B182E}.Release|x86.Build.0 = Release|x86
		{310BD7D4-7D1A-4F06-AFFD-0919C13B182E}.Release|x86.Deploy.0 = Release|x86
	EndGlobalSection
	GlobalSection(SolutionProperties) = preSolution
		HideSolutionNode = FALSE
	EndGlobalSection
	GlobalSection(ExtensibilityGlobals) = postSolution
		SolutionGuid = {8E876C3E-00A5-4F04-ABC7-15B14044CEBE}
	EndGlobalSection
EndGlobal
