
Microsoft Visual Studio Solution File, Format Version 12.00
# Visual Studio Version 17
VisualStudioVersion = 17.4.33403.182
MinimumVisualStudioVersion = 10.0.40219.1
Project("{FAE04EC0-301F-11D3-BF4B-00C04F79EFBC}") = "Threading-in-C-UWP", "Threading-in-C-UWP.csproj", "{DDF86CAD-FA70-4848-9E82-AE4DA6DCE32B}"
EndProject
Global
	GlobalSection(SolutionConfigurationPlatforms) = preSolution
		Debug|ARM = Debug|ARM
		Debug|ARM64 = Debug|ARM64
		Debug|x64 = Debug|x64
		Debug|x86 = Debug|x86
		Release|ARM = Release|ARM
		Release|ARM64 = Release|ARM64
		Release|x64 = Release|x64
		Release|x86 = Release|x86
	EndGlobalSection
	GlobalSection(ProjectConfigurationPlatforms) = postSolution
		{DDF86CAD-FA70-4848-9E82-AE4DA6DCE32B}.Debug|ARM.ActiveCfg = Debug|ARM
		{DDF86CAD-FA70-4848-9E82-AE4DA6DCE32B}.Debug|ARM.Build.0 = Debug|ARM
		{DDF86CAD-FA70-4848-9E82-AE4DA6DCE32B}.Debug|ARM.Deploy.0 = Debug|ARM
		{DDF86CAD-FA70-4848-9E82-AE4DA6DCE32B}.Debug|ARM64.ActiveCfg = Debug|ARM64
		{DDF86CAD-FA70-4848-9E82-AE4DA6DCE32B}.Debug|ARM64.Build.0 = Debug|ARM64
		{DDF86CAD-FA70-4848-9E82-AE4DA6DCE32B}.Debug|ARM64.Deploy.0 = Debug|ARM64
		{DDF86CAD-FA70-4848-9E82-AE4DA6DCE32B}.Debug|x64.ActiveCfg = Debug|x64
		{DDF86CAD-FA70-4848-9E82-AE4DA6DCE32B}.Debug|x64.Build.0 = Debug|x64
		{DDF86CAD-FA70-4848-9E82-AE4DA6DCE32B}.Debug|x64.Deploy.0 = Debug|x64
		{DDF86CAD-FA70-4848-9E82-AE4DA6DCE32B}.Debug|x86.ActiveCfg = Debug|x86
		{DDF86CAD-FA70-4848-9E82-AE4DA6DCE32B}.Debug|x86.Build.0 = Debug|x86
		{DDF86CAD-FA70-4848-9E82-AE4DA6DCE32B}.Debug|x86.Deploy.0 = Debug|x86
		{DDF86CAD-FA70-4848-9E82-AE4DA6DCE32B}.Release|ARM.ActiveCfg = Release|ARM
		{DDF86CAD-FA70-4848-9E82-AE4DA6DCE32B}.Release|ARM.Build.0 = Release|ARM
		{DDF86CAD-FA70-4848-9E82-AE4DA6DCE32B}.Release|ARM.Deploy.0 = Release|ARM
		{DDF86CAD-FA70-4848-9E82-AE4DA6DCE32B}.Release|ARM64.ActiveCfg = Release|ARM64
		{DDF86CAD-FA70-4848-9E82-AE4DA6DCE32B}.Release|ARM64.Build.0 = Release|ARM64
		{DDF86CAD-FA70-4848-9E82-AE4DA6DCE32B}.Release|ARM64.Deploy.0 = Release|ARM64
		{DDF86CAD-FA70-4848-9E82-AE4DA6DCE32B}.Release|x64.ActiveCfg = Release|x64
		{DDF86CAD-FA70-4848-9E82-AE4DA6DCE32B}.Release|x64.Build.0 = Release|x64
		{DDF86CAD-FA70-4848-9E82-AE4DA6DCE32B}.Release|x64.Deploy.0 = Release|x64
		{DDF86CAD-FA70-4848-9E82-AE4DA6DCE32B}.Release|x86.ActiveCfg = Release|x86
		{DDF86CAD-FA70-4848-9E82-AE4DA6DCE32B}.Release|x86.Build.0 = Release|x86
		{DDF86CAD-FA70-4848-9E82-AE4DA6DCE32B}.Release|x86.Deploy.0 = Release|x86
	EndGlobalSection
	GlobalSection(SolutionProperties) = preSolution
		HideSolutionNode = FALSE
	EndGlobalSection
	GlobalSection(ExtensibilityGlobals) = postSolution
		SolutionGuid = {CC94CA2B-45CE-48A5-8E7B-84A9D688EEFA}
	EndGlobalSection
EndGlobal
